// !$*UTF8*$!
{
	archiveVersion = 1;
	classes = {
	};
	objectVersion = 55;
	objects = {

/* Begin PBXBuildFile section */
		21E1227F029AE5277DB64956 /* Pods_NewsApp.framework in Frameworks */ = {isa = PBXBuildFile; fileRef = 898D09A05F21BC3E857920DD /* Pods_NewsApp.framework */; };
		B88E75AA28BDCF6000AA7A69 /* AppDelegate.swift in Sources */ = {isa = PBXBuildFile; fileRef = B88E75A928BDCF6000AA7A69 /* AppDelegate.swift */; };
		B88E75AC28BDCF6000AA7A69 /* SceneDelegate.swift in Sources */ = {isa = PBXBuildFile; fileRef = B88E75AB28BDCF6000AA7A69 /* SceneDelegate.swift */; };
		B88E75AE28BDCF6000AA7A69 /* MainVC.swift in Sources */ = {isa = PBXBuildFile; fileRef = B88E75AD28BDCF6000AA7A69 /* MainVC.swift */; };
		B88E75B128BDCF6000AA7A69 /* Main.storyboard in Resources */ = {isa = PBXBuildFile; fileRef = B88E75AF28BDCF6000AA7A69 /* Main.storyboard */; };
		B88E75B328BDCF6100AA7A69 /* Assets.xcassets in Resources */ = {isa = PBXBuildFile; fileRef = B88E75B228BDCF6100AA7A69 /* Assets.xcassets */; };
		B88E75B628BDCF6100AA7A69 /* LaunchScreen.storyboard in Resources */ = {isa = PBXBuildFile; fileRef = B88E75B428BDCF6100AA7A69 /* LaunchScreen.storyboard */; };
		B88E75BE28BDD74400AA7A69 /* NewsCell.swift in Sources */ = {isa = PBXBuildFile; fileRef = B88E75BD28BDD74400AA7A69 /* NewsCell.swift */; };
		B88E75C028BDD7D600AA7A69 /* Article.swift in Sources */ = {isa = PBXBuildFile; fileRef = B88E75BF28BDD7D600AA7A69 /* Article.swift */; };
		B88E75C228BDEA1300AA7A69 /* URLRequest+Extensions.swift in Sources */ = {isa = PBXBuildFile; fileRef = B88E75C128BDEA1300AA7A69 /* URLRequest+Extensions.swift */; };
		B88E75C428BDEDC700AA7A69 /* ArticleViewModel.swift in Sources */ = {isa = PBXBuildFile; fileRef = B88E75C328BDEDC700AA7A69 /* ArticleViewModel.swift */; };
/* End PBXBuildFile section */

/* Begin PBXFileReference section */
		287A012CB8C7D65F1B4C9787 /* Pods-NewsApp.debug.xcconfig */ = {isa = PBXFileReference; includeInIndex = 1; lastKnownFileType = text.xcconfig; name = "Pods-NewsApp.debug.xcconfig"; path = "Target Support Files/Pods-NewsApp/Pods-NewsApp.debug.xcconfig"; sourceTree = "<group>"; };
		4C02D7AAE09CB13D87A3959C /* Pods-NewsApp.release.xcconfig */ = {isa = PBXFileReference; includeInIndex = 1; lastKnownFileType = text.xcconfig; name = "Pods-NewsApp.release.xcconfig"; path = "Target Support Files/Pods-NewsApp/Pods-NewsApp.release.xcconfig"; sourceTree = "<group>"; };
		898D09A05F21BC3E857920DD /* Pods_NewsApp.framework */ = {isa = PBXFileReference; explicitFileType = wrapper.framework; includeInIndex = 0; path = Pods_NewsApp.framework; sourceTree = BUILT_PRODUCTS_DIR; };
		B88E75A628BDCF6000AA7A69 /* NewsApp.app */ = {isa = PBXFileReference; explicitFileType = wrapper.application; includeInIndex = 0; path = NewsApp.app; sourceTree = BUILT_PRODUCTS_DIR; };
		B88E75A928BDCF6000AA7A69 /* AppDelegate.swift */ = {isa = PBXFileReference; lastKnownFileType = sourcecode.swift; path = AppDelegate.swift; sourceTree = "<group>"; };
		B88E75AB28BDCF6000AA7A69 /* SceneDelegate.swift */ = {isa = PBXFileReference; lastKnownFileType = sourcecode.swift; path = SceneDelegate.swift; sourceTree = "<group>"; };
		B88E75AD28BDCF6000AA7A69 /* MainVC.swift */ = {isa = PBXFileReference; lastKnownFileType = sourcecode.swift; path = MainVC.swift; sourceTree = "<group>"; };
		B88E75B028BDCF6000AA7A69 /* Base */ = {isa = PBXFileReference; lastKnownFileType = file.storyboard; name = Base; path = Base.lproj/Main.storyboard; sourceTree = "<group>"; };
		B88E75B228BDCF6100AA7A69 /* Assets.xcassets */ = {isa = PBXFileReference; lastKnownFileType = folder.assetcatalog; path = Assets.xcassets; sourceTree = "<group>"; };
		B88E75B528BDCF6100AA7A69 /* Base */ = {isa = PBXFileReference; lastKnownFileType = file.storyboard; name = Base; path = Base.lproj/LaunchScreen.storyboard; sourceTree = "<group>"; };
		B88E75B728BDCF6100AA7A69 /* Info.plist */ = {isa = PBXFileReference; lastKnownFileType = text.plist.xml; path = Info.plist; sourceTree = "<group>"; };
		B88E75BD28BDD74400AA7A69 /* NewsCell.swift */ = {isa = PBXFileReference; lastKnownFileType = sourcecode.swift; path = NewsCell.swift; sourceTree = "<group>"; };
		B88E75BF28BDD7D600AA7A69 /* Article.swift */ = {isa = PBXFileReference; lastKnownFileType = sourcecode.swift; path = Article.swift; sourceTree = "<group>"; };
		B88E75C128BDEA1300AA7A69 /* URLRequest+Extensions.swift */ = {isa = PBXFileReference; lastKnownFileType = sourcecode.swift; path = "URLRequest+Extensions.swift"; sourceTree = "<group>"; };
		B88E75C328BDEDC700AA7A69 /* ArticleViewModel.swift */ = {isa = PBXFileReference; lastKnownFileType = sourcecode.swift; path = ArticleViewModel.swift; sourceTree = "<group>"; };
/* End PBXFileReference section */

/* Begin PBXFrameworksBuildPhase section */
		B88E75A328BDCF6000AA7A69 /* Frameworks */ = {
			isa = PBXFrameworksBuildPhase;
			buildActionMask = 2147483647;
			files = (
				21E1227F029AE5277DB64956 /* Pods_NewsApp.framework in Frameworks */,
			);
			runOnlyForDeploymentPostprocessing = 0;
		};
/* End PBXFrameworksBuildPhase section */

/* Begin PBXGroup section */
		44B6BAB6F61CAE08B00F464B /* Pods */ = {
			isa = PBXGroup;
			children = (
				287A012CB8C7D65F1B4C9787 /* Pods-NewsApp.debug.xcconfig */,
				4C02D7AAE09CB13D87A3959C /* Pods-NewsApp.release.xcconfig */,
			);
			path = Pods;
			sourceTree = "<group>";
		};
		659F38BAC8604698DBA1CAC7 /* Frameworks */ = {
			isa = PBXGroup;
			children = (
				898D09A05F21BC3E857920DD /* Pods_NewsApp.framework */,
			);
			name = Frameworks;
			sourceTree = "<group>";
		};
		B88E759D28BDCF6000AA7A69 = {
			isa = PBXGroup;
			children = (
				B88E75A828BDCF6000AA7A69 /* NewsApp */,
				B88E75A728BDCF6000AA7A69 /* Products */,
				44B6BAB6F61CAE08B00F464B /* Pods */,
				659F38BAC8604698DBA1CAC7 /* Frameworks */,
			);
			sourceTree = "<group>";
		};
		B88E75A728BDCF6000AA7A69 /* Products */ = {
			isa = PBXGroup;
			children = (
				B88E75A628BDCF6000AA7A69 /* NewsApp.app */,
			);
			name = Products;
			sourceTree = "<group>";
		};
		B88E75A828BDCF6000AA7A69 /* NewsApp */ = {
			isa = PBXGroup;
			children = (
				B88E75A928BDCF6000AA7A69 /* AppDelegate.swift */,
				B88E75AB28BDCF6000AA7A69 /* SceneDelegate.swift */,
				B88E75C828BDF3F100AA7A69 /* Extension */,
				B88E75C528BDEDCA00AA7A69 /* View Models */,
				B88E75C628BDF3D600AA7A69 /* Views */,
				B88E75C728BDF3E900AA7A69 /* Models */,
				B88E75AF28BDCF6000AA7A69 /* Main.storyboard */,
				B88E75B228BDCF6100AA7A69 /* Assets.xcassets */,
				B88E75B428BDCF6100AA7A69 /* LaunchScreen.storyboard */,
				B88E75B728BDCF6100AA7A69 /* Info.plist */,
			);
			path = NewsApp;
			sourceTree = "<group>";
		};
		B88E75C528BDEDCA00AA7A69 /* View Models */ = {
			isa = PBXGroup;
			children = (
				B88E75C328BDEDC700AA7A69 /* ArticleViewModel.swift */,
			);
			path = "View Models";
			sourceTree = "<group>";
		};
		B88E75C628BDF3D600AA7A69 /* Views */ = {
			isa = PBXGroup;
			children = (
				B88E75AD28BDCF6000AA7A69 /* MainVC.swift */,
				B88E75BD28BDD74400AA7A69 /* NewsCell.swift */,
			);
			path = Views;
			sourceTree = "<group>";
		};
		B88E75C728BDF3E900AA7A69 /* Models */ = {
			isa = PBXGroup;
			children = (
				B88E75BF28BDD7D600AA7A69 /* Article.swift */,
			);
			path = Models;
			sourceTree = "<group>";
		};
		B88E75C828BDF3F100AA7A69 /* Extension */ = {
			isa = PBXGroup;
			children = (
				B88E75C128BDEA1300AA7A69 /* URLRequest+Extensions.swift */,
			);
			path = Extension;
			sourceTree = "<group>";
		};
/* End PBXGroup section */

/* Begin PBXNativeTarget section */
		B88E75A528BDCF6000AA7A69 /* NewsApp */ = {
			isa = PBXNativeTarget;
			buildConfigurationList = B88E75BA28BDCF6100AA7A69 /* Build configuration list for PBXNativeTarget "NewsApp" */;
			buildPhases = (
				265AB6080CB1B365DEBD5A5F /* [CP] Check Pods Manifest.lock */,
				B88E75A228BDCF6000AA7A69 /* Sources */,
				B88E75A328BDCF6000AA7A69 /* Frameworks */,
				B88E75A428BDCF6000AA7A69 /* Resources */,
				F54254FF9F47284BCBB1F88C /* [CP] Embed Pods Frameworks */,
			);
			buildRules = (
			);
			dependencies = (
			);
			name = NewsApp;
			productName = NewsApp;
			productReference = B88E75A628BDCF6000AA7A69 /* NewsApp.app */;
			productType = "com.apple.product-type.application";
		};
/* End PBXNativeTarget section */

/* Begin PBXProject section */
		B88E759E28BDCF6000AA7A69 /* Project object */ = {
			isa = PBXProject;
			attributes = {
				BuildIndependentTargetsInParallel = 1;
				LastSwiftUpdateCheck = 1340;
				LastUpgradeCheck = 1340;
				TargetAttributes = {
					B88E75A528BDCF6000AA7A69 = {
						CreatedOnToolsVersion = 13.4.1;
					};
				};
			};
			buildConfigurationList = B88E75A128BDCF6000AA7A69 /* Build configuration list for PBXProject "NewsApp" */;
			compatibilityVersion = "Xcode 13.0";
			developmentRegion = en;
			hasScannedForEncodings = 0;
			knownRegions = (
				en,
				Base,
			);
			mainGroup = B88E759D28BDCF6000AA7A69;
			productRefGroup = B88E75A728BDCF6000AA7A69 /* Products */;
			projectDirPath = "";
			projectRoot = "";
			targets = (
				B88E75A528BDCF6000AA7A69 /* NewsApp */,
			);
		};
/* End PBXProject section */

/* Begin PBXResourcesBuildPhase section */
		B88E75A428BDCF6000AA7A69 /* Resources */ = {
			isa = PBXResourcesBuildPhase;
			buildActionMask = 2147483647;
			files = (
				B88E75B628BDCF6100AA7A69 /* LaunchScreen.storyboard in Resources */,
				B88E75B328BDCF6100AA7A69 /* Assets.xcassets in Resources */,
				B88E75B128BDCF6000AA7A69 /* Main.storyboard in Resources */,
			);
			runOnlyForDeploymentPostprocessing = 0;
		};
/* End PBXResourcesBuildPhase section */

/* Begin PBXShellScriptBuildPhase section */
		265AB6080CB1B365DEBD5A5F /* [CP] Check Pods Manifest.lock */ = {
			isa = PBXShellScriptBuildPhase;
			buildActionMask = 2147483647;
			files = (
			);
			inputFileListPaths = (
			);
			inputPaths = (
				"${PODS_PODFILE_DIR_PATH}/Podfile.lock",
				"${PODS_ROOT}/Manifest.lock",
			);
			name = "[CP] Check Pods Manifest.lock";
			outputFileListPaths = (
			);
			outputPaths = (
				"$(DERIVED_FILE_DIR)/Pods-NewsApp-checkManifestLockResult.txt",
			);
			runOnlyForDeploymentPostprocessing = 0;
			shellPath = /bin/sh;
			shellScript = "diff \"${PODS_PODFILE_DIR_PATH}/Podfile.lock\" \"${PODS_ROOT}/Manifest.lock\" > /dev/null\nif [ $? != 0 ] ; then\n    # print error to STDERR\n    echo \"error: The sandbox is not in sync with the Podfile.lock. Run 'pod install' or update your CocoaPods installation.\" >&2\n    exit 1\nfi\n# This output is used by Xcode 'outputs' to avoid re-running this script phase.\necho \"SUCCESS\" > \"${SCRIPT_OUTPUT_FILE_0}\"\n";
			showEnvVarsInLog = 0;
		};
		F54254FF9F47284BCBB1F88C /* [CP] Embed Pods Frameworks */ = {
			isa = PBXShellScriptBuildPhase;
			buildActionMask = 2147483647;
			files = (
			);
			inputFileListPaths = (
				"${PODS_ROOT}/Target Support Files/Pods-NewsApp/Pods-NewsApp-frameworks-${CONFIGURATION}-input-files.xcfilelist",
			);
			name = "[CP] Embed Pods Frameworks";
			outputFileListPaths = (
				"${PODS_ROOT}/Target Support Files/Pods-NewsApp/Pods-NewsApp-frameworks-${CONFIGURATION}-output-files.xcfilelist",
			);
			runOnlyForDeploymentPostprocessing = 0;
			shellPath = /bin/sh;
			shellScript = "\"${PODS_ROOT}/Target Support Files/Pods-NewsApp/Pods-NewsApp-frameworks.sh\"\n";
			showEnvVarsInLog = 0;
		};
/* End PBXShellScriptBuildPhase section */

/* Begin PBXSourcesBuildPhase section */
		B88E75A228BDCF6000AA7A69 /* Sources */ = {
			isa = PBXSourcesBuildPhase;
			buildActionMask = 2147483647;
			files = (
				B88E75AE28BDCF6000AA7A69 /* MainVC.swift in Sources */,
				B88E75C028BDD7D600AA7A69 /* Article.swift in Sources */,
				B88E75AA28BDCF6000AA7A69 /* AppDelegate.swift in Sources */,
				B88E75C228BDEA1300AA7A69 /* URLRequest+Extensions.swift in Sources */,
				B88E75BE28BDD74400AA7A69 /* NewsCell.swift in Sources */,
				B88E75C428BDEDC700AA7A69 /* ArticleViewModel.swift in Sources */,
				B88E75AC28BDCF6000AA7A69 /* SceneDelegate.swift in Sources */,
			);
			runOnlyForDeploymentPostprocessing = 0;
		};
/* End PBXSourcesBuildPhase section */

/* Begin PBXVariantGroup section */
		B88E75AF28BDCF6000AA7A69 /* Main.storyboard */ = {
			isa = PBXVariantGroup;
			children = (
				B88E75B028BDCF6000AA7A69 /* Base */,
			);
			name = Main.storyboard;
			sourceTree = "<group>";
		};
		B88E75B428BDCF6100AA7A69 /* LaunchScreen.storyboard */ = {
			isa = PBXVariantGroup;
			children = (
				B88E75B528BDCF6100AA7A69 /* Base */,
			);
			name = LaunchScreen.storyboard;
			sourceTree = "<group>";
		};
/* End PBXVariantGroup section */

/* Begin XCBuildConfiguration section */
		B88E75B828BDCF6100AA7A69 /* Debug */ = {
			isa = XCBuildConfiguration;
			buildSettings = {
				ALWAYS_SEARCH_USER_PATHS = NO;
				CLANG_ANALYZER_NONNULL = YES;
				CLANG_ANALYZER_NUMBER_OBJECT_CONVERSION = YES_AGGRESSIVE;
				CLANG_CXX_LANGUAGE_STANDARD = "gnu++17";
				CLANG_ENABLE_MODULES = YES;
				CLANG_ENABLE_OBJC_ARC = YES;
				CLANG_ENABLE_OBJC_WEAK = YES;
				CLANG_WARN_BLOCK_CAPTURE_AUTORELEASING = YES;
				CLANG_WARN_BOOL_CONVERSION = YES;
				CLANG_WARN_COMMA = YES;
				CLANG_WARN_CONSTANT_CONVERSION = YES;
				CLANG_WARN_DEPRECATED_OBJC_IMPLEMENTATIONS = YES;
				CLANG_WARN_DIRECT_OBJC_ISA_USAGE = YES_ERROR;
				CLANG_WARN_DOCUMENTATION_COMMENTS = YES;
				CLANG_WARN_EMPTY_BODY = YES;
				CLANG_WARN_ENUM_CONVERSION = YES;
				CLANG_WARN_INFINITE_RECURSION = YES;
				CLANG_WARN_INT_CONVERSION = YES;
				CLANG_WARN_NON_LITERAL_NULL_CONVERSION = YES;
				CLANG_WARN_OBJC_IMPLICIT_RETAIN_SELF = YES;
				CLANG_WARN_OBJC_LITERAL_CONVERSION = YES;
				CLANG_WARN_OBJC_ROOT_CLASS = YES_ERROR;
				CLANG_WARN_QUOTED_INCLUDE_IN_FRAMEWORK_HEADER = YES;
				CLANG_WARN_RANGE_LOOP_ANALYSIS = YES;
				CLANG_WARN_STRICT_PROTOTYPES = YES;
				CLANG_WARN_SUSPICIOUS_MOVE = YES;
				CLANG_WARN_UNGUARDED_AVAILABILITY = YES_AGGRESSIVE;
				CLANG_WARN_UNREACHABLE_CODE = YES;
				CLANG_WARN__DUPLICATE_METHOD_MATCH = YES;
				COPY_PHASE_STRIP = NO;
				DEBUG_INFORMATION_FORMAT = dwarf;
				ENABLE_STRICT_OBJC_MSGSEND = YES;
				ENABLE_TESTABILITY = YES;
				GCC_C_LANGUAGE_STANDARD = gnu11;
				GCC_DYNAMIC_NO_PIC = NO;
				GCC_NO_COMMON_BLOCKS = YES;
				GCC_OPTIMIZATION_LEVEL = 0;
				GCC_PREPROCESSOR_DEFINITIONS = (
					"DEBUG=1",
					"$(inherited)",
				);
				GCC_WARN_64_TO_32_BIT_CONVERSION = YES;
				GCC_WARN_ABOUT_RETURN_TYPE = YES_ERROR;
				GCC_WARN_UNDECLARED_SELECTOR = YES;
				GCC_WARN_UNINITIALIZED_AUTOS = YES_AGGRESSIVE;
				GCC_WARN_UNUSED_FUNCTION = YES;
				GCC_WARN_UNUSED_VARIABLE = YES;
				IPHONEOS_DEPLOYMENT_TARGET = 15.5;
				MTL_ENABLE_DEBUG_INFO = INCLUDE_SOURCE;
				MTL_FAST_MATH = YES;
				ONLY_ACTIVE_ARCH = YES;
				SDKROOT = iphoneos;
				SWIFT_ACTIVE_COMPILATION_CONDITIONS = DEBUG;
				SWIFT_OPTIMIZATION_LEVEL = "-Onone";
			};
			name = Debug;
		};
		B88E75B928BDCF6100AA7A69 /* Release */ = {
			isa = XCBuildConfiguration;
			buildSettings = {
				ALWAYS_SEARCH_USER_PATHS = NO;
				CLANG_ANALYZER_NONNULL = YES;
				CLANG_ANALYZER_NUMBER_OBJECT_CONVERSION = YES_AGGRESSIVE;
				CLANG_CXX_LANGUAGE_STANDARD = "gnu++17";
				CLANG_ENABLE_MODULES = YES;
				CLANG_ENABLE_OBJC_ARC = YES;
				CLANG_ENABLE_OBJC_WEAK = YES;
				CLANG_WARN_BLOCK_CAPTURE_AUTORELEASING = YES;
				CLANG_WARN_BOOL_CONVERSION = YES;
				CLANG_WARN_COMMA = YES;
				CLANG_WARN_CONSTANT_CONVERSION = YES;
				CLANG_WARN_DEPRECATED_OBJC_IMPLEMENTATIONS = YES;
				CLANG_WARN_DIRECT_OBJC_ISA_USAGE = YES_ERROR;
				CLANG_WARN_DOCUMENTATION_COMMENTS = YES;
				CLANG_WARN_EMPTY_BODY = YES;
				CLANG_WARN_ENUM_CONVERSION = YES;
				CLANG_WARN_INFINITE_RECURSION = YES;
				CLANG_WARN_INT_CONVERSION = YES;
				CLANG_WARN_NON_LITERAL_NULL_CONVERSION = YES;
				CLANG_WARN_OBJC_IMPLICIT_RETAIN_SELF = YES;
				CLANG_WARN_OBJC_LITERAL_CONVERSION = YES;
				CLANG_WARN_OBJC_ROOT_CLASS = YES_ERROR;
				CLANG_WARN_QUOTED_INCLUDE_IN_FRAMEWORK_HEADER = YES;
				CLANG_WARN_RANGE_LOOP_ANALYSIS = YES;
				CLANG_WARN_STRICT_PROTOTYPES = YES;
				CLANG_WARN_SUSPICIOUS_MOVE = YES;
				CLANG_WARN_UNGUARDED_AVAILABILITY = YES_AGGRESSIVE;
				CLANG_WARN_UNREACHABLE_CODE = YES;
				CLANG_WARN__DUPLICATE_METHOD_MATCH = YES;
				COPY_PHASE_STRIP = NO;
				DEBUG_INFORMATION_FORMAT = "dwarf-with-dsym";
				ENABLE_NS_ASSERTIONS = NO;
				ENABLE_STRICT_OBJC_MSGSEND = YES;
				GCC_C_LANGUAGE_STANDARD = gnu11;
				GCC_NO_COMMON_BLOCKS = YES;
				GCC_WARN_64_TO_32_BIT_CONVERSION = YES;
				GCC_WARN_ABOUT_RETURN_TYPE = YES_ERROR;
				GCC_WARN_UNDECLARED_SELECTOR = YES;
				GCC_WARN_UNINITIALIZED_AUTOS = YES_AGGRESSIVE;
				GCC_WARN_UNUSED_FUNCTION = YES;
				GCC_WARN_UNUSED_VARIABLE = YES;
				IPHONEOS_DEPLOYMENT_TARGET = 15.5;
				MTL_ENABLE_DEBUG_INFO = NO;
				MTL_FAST_MATH = YES;
				SDKROOT = iphoneos;
				SWIFT_COMPILATION_MODE = wholemodule;
				SWIFT_OPTIMIZATION_LEVEL = "-O";
				VALIDATE_PRODUCT = YES;
			};
			name = Release;
		};
		B88E75BB28BDCF6100AA7A69 /* Debug */ = {
			isa = XCBuildConfiguration;
			baseConfigurationReference = 287A012CB8C7D65F1B4C9787 /* Pods-NewsApp.debug.xcconfig */;
			buildSettings = {
				ASSETCATALOG_COMPILER_APPICON_NAME = AppIcon;
				ASSETCATALOG_COMPILER_GLOBAL_ACCENT_COLOR_NAME = AccentColor;
				CODE_SIGN_STYLE = Automatic;
				CURRENT_PROJECT_VERSION = 1;
				DEVELOPMENT_TEAM = 4JAU88YC33;
				GENERATE_INFOPLIST_FILE = YES;
				INFOPLIST_FILE = NewsApp/Info.plist;
				INFOPLIST_KEY_UIApplicationSupportsIndirectInputEvents = YES;
				INFOPLIST_KEY_UILaunchStoryboardName = LaunchScreen;
				INFOPLIST_KEY_UIMainStoryboardFile = Main;
				INFOPLIST_KEY_UISupportedInterfaceOrientations_iPad = "UIInterfaceOrientationPortrait UIInterfaceOrientationPortraitUpsideDown UIInterfaceOrientationLandscapeLeft UIInterfaceOrientationLandscapeRight";
				INFOPLIST_KEY_UISupportedInterfaceOrientations_iPhone = "UIInterfaceOrientationPortrait UIInterfaceOrientationLandscapeLeft UIInterfaceOrientationLandscapeRight";
				LD_RUNPATH_SEARCH_PATHS = (
					"$(inherited)",
					"@executable_path/Frameworks",
				);
				MARKETING_VERSION = 1.0;
				PRODUCT_BUNDLE_IDENTIFIER = com.Peng.NewsApp;
				PRODUCT_NAME = "$(TARGET_NAME)";
				SWIFT_EMIT_LOC_STRINGS = YES;
				SWIFT_VERSION = 5.0;
				TARGETED_DEVICE_FAMILY = "1,2";
			};
			name = Debug;
		};
		B88E75BC28BDCF6100AA7A69 /* Release */ = {
			isa = XCBuildConfiguration;
			baseConfigurationReference = 4C02D7AAE09CB13D87A3959C /* Pods-NewsApp.release.xcconfig */;
			buildSettings = {
				ASSETCATALOG_COMPILER_APPICON_NAME = AppIcon;
				ASSETCATALOG_COMPILER_GLOBAL_ACCENT_COLOR_NAME = AccentColor;
				CODE_SIGN_STYLE = Automatic;
				CURRENT_PROJECT_VERSION = 1;
				DEVELOPMENT_TEAM = 4JAU88YC33;
				GENERATE_INFOPLIST_FILE = YES;
				INFOPLIST_FILE = NewsApp/Info.plist;
				INFOPLIST_KEY_UIApplicationSupportsIndirectInputEvents = YES;
				INFOPLIST_KEY_UILaunchStoryboardName = LaunchScreen;
				INFOPLIST_KEY_UIMainStoryboardFile = Main;
				INFOPLIST_KEY_UISupportedInterfaceOrientations_iPad = "UIInterfaceOrientationPortrait UIInterfaceOrientationPortraitUpsideDown UIInterfaceOrientationLandscapeLeft UIInterfaceOrientationLandscapeRight";
				INFOPLIST_KEY_UISupportedInterfaceOrientations_iPhone = "UIInterfaceOrientationPortrait UIInterfaceOrientationLandscapeLeft UIInterfaceOrientationLandscapeRight";
				LD_RUNPATH_SEARCH_PATHS = (
					"$(inherited)",
					"@executable_path/Frameworks",
				);
				MARKETING_VERSION = 1.0;
				PRODUCT_BUNDLE_IDENTIFIER = com.Peng.NewsApp;
				PRODUCT_NAME = "$(TARGET_NAME)";
				SWIFT_EMIT_LOC_STRINGS = YES;
				SWIFT_VERSION = 5.0;
				TARGETED_DEVICE_FAMILY = "1,2";
			};
			name = Release;
		};
/* End XCBuildConfiguration section */

/* Begin XCConfigurationList section */
		B88E75A128BDCF6000AA7A69 /* Build configuration list for PBXProject "NewsApp" */ = {
			isa = XCConfigurationList;
			buildConfigurations = (
				B88E75B828BDCF6100AA7A69 /* Debug */,
				B88E75B928BDCF6100AA7A69 /* Release */,
			);
			defaultConfigurationIsVisible = 0;
			defaultConfigurationName = Release;
		};
		B88E75BA28BDCF6100AA7A69 /* Build configuration list for PBXNativeTarget "NewsApp" */ = {
			isa = XCConfigurationList;
			buildConfigurations = (
				B88E75BB28BDCF6100AA7A69 /* Debug */,
				B88E75BC28BDCF6100AA7A69 /* Release */,
			);
			defaultConfigurationIsVisible = 0;
			defaultConfigurationName = Release;
		};
/* End XCConfigurationList section */
	};
	rootObject = B88E759E28BDCF6000AA7A69 /* Project object */;
}
